
Microsoft Visual Studio Solution File, Format Version 12.00
# Visual Studio Version 17
VisualStudioVersion = 17.14.36511.14 d17.14
MinimumVisualStudioVersion = 10.0.40219.1
Project("{FAE04EC0-301F-11D3-BF4B-00C04F79EFBC}") = "FolderSynchronizer", "FolderSynchronizer\FolderSynchronizer.csproj", "{CCBCC3F3-EC85-4FCD-ABA2-73D9C20929D9}"
EndProject
Global
	GlobalSection(SolutionConfigurationPlatforms) = preSolution
		Debug|Any CPU = Debug|Any CPU
		Release|Any CPU = Release|Any CPU
	EndGlobalSection
	GlobalSection(ProjectConfigurationPlatforms) = postSolution
		{CCBCC3F3-EC85-4FCD-ABA2-73D9C20929D9}.Debug|Any CPU.ActiveCfg = Debug|Any CPU
		{CCBCC3F3-EC85-4FCD-ABA2-73D9C20929D9}.Debug|Any CPU.Build.0 = Debug|Any CPU
		{CCBCC3F3-EC85-4FCD-ABA2-73D9C20929D9}.Release|Any CPU.ActiveCfg = Release|Any CPU
		{CCBCC3F3-EC85-4FCD-ABA2-73D9C20929D9}.Release|Any CPU.Build.0 = Release|Any CPU
	EndGlobalSection
	GlobalSection(SolutionProperties) = preSolution
		HideSolutionNode = FALSE
	EndGlobalSection
	GlobalSection(ExtensibilityGlobals) = postSolution
		SolutionGuid = {7F15BDBB-0B6A-43E0-AF05-744C942BBF82}
	EndGlobalSection
EndGlobal
